<?xml version="1.0" encoding="utf-8"?>
<Project ToolsVersion="4.0" xmlns="http://schemas.microsoft.com/developer/msbuild/2003">
  <ItemGroup>
    <Filter Include="Include">
      <UniqueIdentifier>{93995380-89BD-4b04-88EB-625FBE52EBFB}</UniqueIdentifier>
      <Extensions>
      </Extensions>
    </Filter>
    <Filter Include="Resources">
      <UniqueIdentifier>{67DA6AB6-F800-4c08-8B7A-83BB121AAD01}</UniqueIdentifier>
      <Extensions>rc;ico;cur;bmp;dlg;rc2;rct;bin;rgs;gif;jpg;jpeg;jpe;resx;tiff;tif;png;wav;mfcribbon-ms</Extensions>
    </Filter>
    <Filter Include="Source">
      <UniqueIdentifier>{4FC737F1-C7A5-4376-A066-2A32D752A2FF}</UniqueIdentifier>
      <Extensions>cpp;c;cc;cxx;def;odl;idl;hpj;bat;asm;asmx;h;hpp;hxx;hm;inl;inc;xsd</Extensions>
    </Filter>
    <Filter Include="Include\Threading">
      <UniqueIdentifier>{d751bf3b-58cf-44d3-a18f-e8c98cdcea23}</UniqueIdentifier>
    </Filter>
    <Filter Include="Source\Threading">
      <UniqueIdentifier>{94324244-57eb-42b7-8103-1f46802a7948}</UniqueIdentifier>
    </Filter>
    <Filter Include="Source\Collections">
      <UniqueIdentifier>{4c10e982-53e0-4f14-91f3-36d01c4ee74e}</UniqueIdentifier>
    </Filter>
    <Filter Include="Source\Events">
      <UniqueIdentifier>{c41172d0-85c2-4992-8d63-864bf07453f1}</UniqueIdentifier>
    </Filter>
    <Filter Include="Include\Collections">
      <UniqueIdentifier>{9558d73f-7e6a-412a-8743-7fb90ac461cb}</UniqueIdentifier>
    </Filter>
    <Filter Include="Include\Events">
      <UniqueIdentifier>{72787724-f69c-443b-9742-b9d40258b634}</UniqueIdentifier>
    </Filter>
    <Filter Include="Include\Containers">
      <UniqueIdentifier>{1fe32fc4-7fdc-43e8-a67e-5e2f7dccc5a8}</UniqueIdentifier>
    </Filter>
    <Filter Include="Source\Containers">
      <UniqueIdentifier>{f51d8079-9c73-4aa2-b8d9-fef4005e2924}</UniqueIdentifier>
    </Filter>
    <Filter Include="Include\Text">
      <UniqueIdentifier>{67896040-62a2-400b-8bd2-03359692b86f}</UniqueIdentifier>
    </Filter>
    <Filter Include="Source\Text">
      <UniqueIdentifier>{0dc46226-443a-495e-a888-6351d5f3986c}</UniqueIdentifier>
    </Filter>
    <Filter Include="Source\Text\Utf8">
      <UniqueIdentifier>{4a3230c2-ab3a-4c79-a6b5-b09811867657}</UniqueIdentifier>
    </Filter>
  </ItemGroup>
  <ItemGroup>
    <ClCompile Include=".\Include\Nuclex\Support\Threading\MemoryBarrier.h">
      <Filter>Include\Threading</Filter>
    </ClCompile>
    <ClCompile Include=".\Source\Config.cpp">
      <Filter>Source</Filter>
    </ClCompile>
    <ClCompile Include=".\Source\Threading\ThreadPool.cpp">
      <Filter>Source\Threading</Filter>
    </ClCompile>
    <ClCompile Include=".\Source\Events\Event.cpp">
      <Filter>Source\Events</Filter>
    </ClCompile>
    <ClCompile Include="Source\Collections\ConcurrentQueue.cpp">
      <Filter>Source\Collections</Filter>
    </ClCompile>
    <ClCompile Include="Source\Collections\ConcurrentMap.cpp">
      <Filter>Source\Collections</Filter>
    </ClCompile>
    <ClCompile Include="Source\Threading\Atomic.cpp">
      <Filter>Source\Threading</Filter>
    </ClCompile>
    <ClCompile Include=".\Source\Threading\WindowsThreadPool.cpp">
      <Filter>Source\Threading</Filter>
    </ClCompile>
    <ClCompile Include=".\Source\Threading\WinRTThreadPool.cpp">
      <Filter>Source\Threading</Filter>
    </ClCompile>
    <ClCompile Include="Source\Threading\Mutex.cpp">
      <Filter>Source\Threading</Filter>
    </ClCompile>
    <ClCompile Include=".\Source\Any.cpp">
      <Filter>Source</Filter>
    </ClCompile>
    <ClCompile Include=".\Source\Text\StringConverter.cpp">
      <Filter>Source\Text</Filter>
    </ClCompile>
    <ClCompile Include=".\Source\Text\Lexical.cpp">
      <Filter>Source\Text</Filter>
    </ClCompile>
  </ItemGroup>
  <ItemGroup>
    <ClInclude Include=".\Include\Nuclex\Support\Config.h">
      <Filter>Include</Filter>
    </ClInclude>
    <ClInclude Include=".\Include\Nuclex\Support\Threading\LinuxThreadPool.h">
      <Filter>Include\Threading</Filter>
    </ClInclude>
    <ClInclude Include=".\Include\Nuclex\Support\Threading\ThreadPool.h">
      <Filter>Include\Threading</Filter>
    </ClInclude>
    <ClInclude Include=".\Include\Nuclex\Support\Threading\WindowsThreadPool.h">
      <Filter>Include\Threading</Filter>
    </ClInclude>
    <ClInclude Include=".\Include\Nuclex\Support\Threading\WinRTThreadPool.h">
      <Filter>Include\Threading</Filter>
    </ClInclude>
    <ClInclude Include=".\Include\Nuclex\Support\Events\Event.h">
      <Filter>Include\Events</Filter>
    </ClInclude>
    <ClInclude Include="Include\Nuclex\Support\Collections\ConcurrentQueue.h">
      <Filter>Include\Collections</Filter>
    </ClInclude>
    <ClInclude Include="Include\Nuclex\Support\Collections\ConcurrentMap.h">
      <Filter>Include\Collections</Filter>
    </ClInclude>
    <ClInclude Include=".\Include\Nuclex\Support\Variant.h">
      <Filter>Include\Containers</Filter>
    </ClInclude>
    <ClInclude Include=".\Include\Nuclex\Support\Any.h">
      <Filter>Include</Filter>
    </ClInclude>
    <ClInclude Include=".\Include\Nuclex\Support\Threading\Mutex.h">
      <Filter>Include\Threading</Filter>
    </ClInclude>
    <ClInclude Include=".\Include\Nuclex\Support\VariantType.h">
      <Filter>Include\Containers</Filter>
    </ClInclude>
    <ClInclude Include=".\Include\Nuclex\Support\Threading\Thread.h">
      <Filter>Include\Threading</Filter>
    </ClInclude>
    <ClInclude Include="Include\Nuclex\Support\Threading\Atomic.h">
      <Filter>Include\Threading</Filter>
    </ClInclude>
    <ClInclude Include="Source\Text\Utf8\unchecked.h">
      <Filter>Source\Text\Utf8</Filter>
    </ClInclude>
    <ClInclude Include="Source\Text\Utf8\checked.h">
      <Filter>Source\Text\Utf8</Filter>
    </ClInclude>
    <ClInclude Include="Source\Text\Utf8\core.h">
      <Filter>Source\Text\Utf8</Filter>
    </ClInclude>
    <ClInclude Include=".\Include\Nuclex\Support\Text\StringConverter.h">
      <Filter>Include\Text</Filter>
    </ClInclude>
    <ClInclude Include=".\Include\Nuclex\Support\Text\Lexical.h">
      <Filter>Include\Text</Filter>
    </ClInclude>
  </ItemGroup>
</Project>